
Microsoft Visual Studio Solution File, Format Version 12.00
# Visual Studio 15
VisualStudioVersion = 15.0.27130.2010
MinimumVisualStudioVersion = 10.0.40219.1
Project("{FAE04EC0-301F-11D3-BF4B-00C04F79EFBC}") = "CertificationStudies", "CertificationStudies.csproj", "{F51504FE-E3BA-4CD3-A3A2-E4638D453354}"
EndProject
Project("{FAE04EC0-301F-11D3-BF4B-00C04F79EFBC}") = "ConsoleStudies", "..\ConsoleStudies\ConsoleStudies.csproj", "{C371E7C8-E657-48AF-87D9-9FCDC749A9D5}"
EndProject
Global
	GlobalSection(SolutionConfigurationPlatforms) = preSolution
		Debug|Any CPU = Debug|Any CPU
		Release|Any CPU = Release|Any CPU
	EndGlobalSection
	GlobalSection(ProjectConfigurationPlatforms) = postSolution
		{F51504FE-E3BA-4CD3-A3A2-E4638D453354}.Debug|Any CPU.ActiveCfg = Debug|Any CPU
		{F51504FE-E3BA-4CD3-A3A2-E4638D453354}.Debug|Any CPU.Build.0 = Debug|Any CPU
		{F51504FE-E3BA-4CD3-A3A2-E4638D453354}.Release|Any CPU.ActiveCfg = Release|Any CPU
		{F51504FE-E3BA-4CD3-A3A2-E4638D453354}.Release|Any CPU.Build.0 = Release|Any CPU
		{C371E7C8-E657-48AF-87D9-9FCDC749A9D5}.Debug|Any CPU.ActiveCfg = Debug|Any CPU
		{C371E7C8-E657-48AF-87D9-9FCDC749A9D5}.Debug|Any CPU.Build.0 = Debug|Any CPU
		{C371E7C8-E657-48AF-87D9-9FCDC749A9D5}.Release|Any CPU.ActiveCfg = Release|Any CPU
		{C371E7C8-E657-48AF-87D9-9FCDC749A9D5}.Release|Any CPU.Build.0 = Release|Any CPU
	EndGlobalSection
	GlobalSection(SolutionProperties) = preSolution
		HideSolutionNode = FALSE
	EndGlobalSection
	GlobalSection(ExtensibilityGlobals) = postSolution
		SolutionGuid = {BCD7E49D-59BB-41B1-976B-180A4793AF36}
	EndGlobalSection
EndGlobal
